
Microsoft Visual Studio Solution File, Format Version 12.00
# Visual Studio Version 16
VisualStudioVersion = 16.0.33328.57
MinimumVisualStudioVersion = 10.0.40219.1
Project("{FAE04EC0-301F-11D3-BF4B-00C04F79EFBC}") = "Ejercicio-2_Area-poligono-regular", "Ejercicio-2_Area-poligono-regular\Ejercicio-2_Area-poligono-regular.csproj", "{AF0E6562-F307-4D65-B8BE-89198F2FAA5A}"
EndProject
Global
	GlobalSection(SolutionConfigurationPlatforms) = preSolution
		Debug|Any CPU = Debug|Any CPU
		Release|Any CPU = Release|Any CPU
	EndGlobalSection
	GlobalSection(ProjectConfigurationPlatforms) = postSolution
		{AF0E6562-F307-4D65-B8BE-89198F2FAA5A}.Debug|Any CPU.ActiveCfg = Debug|Any CPU
		{AF0E6562-F307-4D65-B8BE-89198F2FAA5A}.Debug|Any CPU.Build.0 = Debug|Any CPU
		{AF0E6562-F307-4D65-B8BE-89198F2FAA5A}.Release|Any CPU.ActiveCfg = Release|Any CPU
		{AF0E6562-F307-4D65-B8BE-89198F2FAA5A}.Release|Any CPU.Build.0 = Release|Any CPU
	EndGlobalSection
	GlobalSection(SolutionProperties) = preSolution
		HideSolutionNode = FALSE
	EndGlobalSection
	GlobalSection(ExtensibilityGlobals) = postSolution
		SolutionGuid = {19E362AF-7ED7-49E5-A091-5CD2BF603DA4}
	EndGlobalSection
EndGlobal
